
Microsoft Visual Studio Solution File, Format Version 12.00
# Visual Studio Version 16
VisualStudioVersion = 16.0.29926.136
MinimumVisualStudioVersion = 10.0.40219.1
Project("{FAE04EC0-301F-11D3-BF4B-00C04F79EFBC}") = "ConsoleApp1", "ConsoleApp1\ConsoleApp1.csproj", "{B85D3016-7319-4306-9ACC-61745B89AC46}"
EndProject
Global
	GlobalSection(SolutionConfigurationPlatforms) = preSolution
		Debug|Any CPU = Debug|Any CPU
		Release|Any CPU = Release|Any CPU
	EndGlobalSection
	GlobalSection(ProjectConfigurationPlatforms) = postSolution
		{B85D3016-7319-4306-9ACC-61745B89AC46}.Debug|Any CPU.ActiveCfg = Debug|Any CPU
		{B85D3016-7319-4306-9ACC-61745B89AC46}.Debug|Any CPU.Build.0 = Debug|Any CPU
		{B85D3016-7319-4306-9ACC-61745B89AC46}.Release|Any CPU.ActiveCfg = Release|Any CPU
		{B85D3016-7319-4306-9ACC-61745B89AC46}.Release|Any CPU.Build.0 = Release|Any CPU
	EndGlobalSection
	GlobalSection(SolutionProperties) = preSolution
		HideSolutionNode = FALSE
	EndGlobalSection
	GlobalSection(ExtensibilityGlobals) = postSolution
		SolutionGuid = {A5F6FECD-1A93-4D2C-A8ED-213B0780FAAD}
	EndGlobalSection
EndGlobal
